
Microsoft Visual Studio Solution File, Format Version 12.00
# Visual Studio Version 16
VisualStudioVersion = 16.0.31129.286
MinimumVisualStudioVersion = 10.0.40219.1
Project("{9A19103F-16F7-4668-BE54-9A1E7A4F7556}") = "Engine", "Engine.csproj", "{AFD55CE6-EF69-4137-97ED-4D974FDD8EF9}"
EndProject
Global
	GlobalSection(SolutionConfigurationPlatforms) = preSolution
		Debug|Any CPU = Debug|Any CPU
		Debug|x64 = Debug|x64
		Release|Any CPU = Release|Any CPU
		Release|x64 = Release|x64
	EndGlobalSection
	GlobalSection(ProjectConfigurationPlatforms) = postSolution
		{AFD55CE6-EF69-4137-97ED-4D974FDD8EF9}.Debug|Any CPU.ActiveCfg = Debug|Any CPU
		{AFD55CE6-EF69-4137-97ED-4D974FDD8EF9}.Debug|Any CPU.Build.0 = Debug|Any CPU
		{AFD55CE6-EF69-4137-97ED-4D974FDD8EF9}.Debug|x64.ActiveCfg = Debug|x64
		{AFD55CE6-EF69-4137-97ED-4D974FDD8EF9}.Debug|x64.Build.0 = Debug|x64
		{AFD55CE6-EF69-4137-97ED-4D974FDD8EF9}.Release|Any CPU.ActiveCfg = Release|Any CPU
		{AFD55CE6-EF69-4137-97ED-4D974FDD8EF9}.Release|Any CPU.Build.0 = Release|Any CPU
		{AFD55CE6-EF69-4137-97ED-4D974FDD8EF9}.Release|x64.ActiveCfg = Release|x64
		{AFD55CE6-EF69-4137-97ED-4D974FDD8EF9}.Release|x64.Build.0 = Release|x64
	EndGlobalSection
	GlobalSection(SolutionProperties) = preSolution
		HideSolutionNode = FALSE
	EndGlobalSection
	GlobalSection(ExtensibilityGlobals) = postSolution
		SolutionGuid = {A1AB72CD-478C-4B1C-86E6-58E951BC9110}
	EndGlobalSection
EndGlobal
